<?xml version="1.0" encoding="utf-8"?>
<Project ToolsVersion="4.0" xmlns="http://schemas.microsoft.com/developer/msbuild/2003">
  <ItemGroup>
    <Filter Include="소스 파일">
      <UniqueIdentifier>{4FC737F1-C7A5-4376-A066-2A32D752A2FF}</UniqueIdentifier>
      <Extensions>cpp;c;cc;cxx;def;odl;idl;hpj;bat;asm;asmx</Extensions>
    </Filter>
    <Filter Include="헤더 파일">
      <UniqueIdentifier>{93995380-89BD-4b04-88EB-625FBE52EBFB}</UniqueIdentifier>
      <Extensions>h;hh;hpp;hxx;hm;inl;inc;ipp;xsd</Extensions>
    </Filter>
    <Filter Include="리소스 파일">
      <UniqueIdentifier>{67DA6AB6-F800-4c08-8B7A-83BB121AAD01}</UniqueIdentifier>
      <Extensions>rc;ico;cur;bmp;dlg;rc2;rct;bin;rgs;gif;jpg;jpeg;jpe;resx;tiff;tif;png;wav;mfcribbon-ms</Extensions>
    </Filter>
  </ItemGroup>
  <ItemGroup>
    <ClCompile Include="2LinearSearch.cpp">
      <Filter>소스 파일</Filter>
    </ClCompile>
    <ClCompile Include="2BinarySearch.cpp">
      <Filter>소스 파일</Filter>
    </ClCompile>
    <ClCompile Include="2FibonacciFunc.cpp">
      <Filter>소스 파일</Filter>
    </ClCompile>
    <ClCompile Include="2BinarySearchRecur.cpp">
      <Filter>소스 파일</Filter>
    </ClCompile>
    <ClCompile Include="2HanoiTower.cpp">
      <Filter>소스 파일</Filter>
    </ClCompile>
    <ClCompile Include="2ListMain.cpp">
      <Filter>소스 파일</Filter>
    </ClCompile>
    <ClCompile Include="2ArrayList.cpp">
      <Filter>소스 파일</Filter>
    </ClCompile>
    <ClCompile Include="2Namecardp99.cpp">
      <Filter>소스 파일</Filter>
    </ClCompile>
    <ClCompile Include="2NameCardMainp99.cpp">
      <Filter>소스 파일</Filter>
    </ClCompile>
    <ClCompile Include="2ArrayListp99.cpp">
      <Filter>소스 파일</Filter>
    </ClCompile>
    <ClCompile Include="2DLinkedList.cpp">
      <Filter>소스 파일</Filter>
    </ClCompile>
    <ClCompile Include="2DLinkedListMain.cpp">
      <Filter>소스 파일</Filter>
    </ClCompile>
    <ClCompile Include="2CLinkedList.cpp">
      <Filter>소스 파일</Filter>
    </ClCompile>
    <ClCompile Include="2CLinkedListMain.cpp">
      <Filter>소스 파일</Filter>
    </ClCompile>
    <ClCompile Include="2DBLinkedList.cpp">
      <Filter>소스 파일</Filter>
    </ClCompile>
    <ClCompile Include="2DBLinkedListMain.cpp">
      <Filter>소스 파일</Filter>
    </ClCompile>
    <ClCompile Include="2ArrayBaseStack.cpp">
      <Filter>소스 파일</Filter>
    </ClCompile>
    <ClCompile Include="2ArrayBaseStackMain.cpp">
      <Filter>소스 파일</Filter>
    </ClCompile>
    <ClCompile Include="2ListBaseStack.cpp">
      <Filter>소스 파일</Filter>
    </ClCompile>
    <ClCompile Include="2ListBaseStackMain.cpp">
      <Filter>소스 파일</Filter>
    </ClCompile>
    <ClCompile Include="2InfixtoPostfix.cpp">
      <Filter>소스 파일</Filter>
    </ClCompile>
    <ClCompile Include="2InfixtoPostfixMain.cpp">
      <Filter>소스 파일</Filter>
    </ClCompile>
    <ClCompile Include="2InfixCalculator.cpp">
      <Filter>소스 파일</Filter>
    </ClCompile>
    <ClCompile Include="2Calculator.cpp">
      <Filter>소스 파일</Filter>
    </ClCompile>
    <ClCompile Include="2ArrayBaseCircularQueue.cpp">
      <Filter>소스 파일</Filter>
    </ClCompile>
    <ClCompile Include="2ListBaseQueue.cpp">
      <Filter>소스 파일</Filter>
    </ClCompile>
    <ClCompile Include="2ListBaseQueueMain.cpp">
      <Filter>소스 파일</Filter>
    </ClCompile>
    <ClCompile Include="2Deque.cpp">
      <Filter>소스 파일</Filter>
    </ClCompile>
    <ClCompile Include="2DequeMain.cpp">
      <Filter>소스 파일</Filter>
    </ClCompile>
    <ClCompile Include="2BinaryTree.cpp">
      <Filter>소스 파일</Filter>
    </ClCompile>
    <ClCompile Include="2ExpressionTree.cpp">
      <Filter>소스 파일</Filter>
    </ClCompile>
    <ClCompile Include="2SimpleHeap.cpp">
      <Filter>소스 파일</Filter>
    </ClCompile>
    <ClCompile Include="2SimpleHealMain.cpp">
      <Filter>소스 파일</Filter>
    </ClCompile>
    <ClCompile Include="2UsefulHeap.cpp">
      <Filter>소스 파일</Filter>
    </ClCompile>
    <ClCompile Include="2UsefulHeapMain.cpp">
      <Filter>소스 파일</Filter>
    </ClCompile>
    <ClCompile Include="2BubbleSort.cpp">
      <Filter>소스 파일</Filter>
    </ClCompile>
    <ClCompile Include="2InsertionSort.cpp">
      <Filter>소스 파일</Filter>
    </ClCompile>
    <ClCompile Include="2HeapSort.cpp">
      <Filter>소스 파일</Filter>
    </ClCompile>
    <ClCompile Include="2SelectionSort.cpp">
      <Filter>소스 파일</Filter>
    </ClCompile>
    <ClCompile Include="2MergeSort.cpp">
      <Filter>소스 파일</Filter>
    </ClCompile>
    <ClCompile Include="2QuickSort.cpp">
      <Filter>소스 파일</Filter>
    </ClCompile>
    <ClCompile Include="2RadixSort.cpp">
      <Filter>소스 파일</Filter>
    </ClCompile>
    <ClCompile Include="2InterpolSearch.cpp">
      <Filter>소스 파일</Filter>
    </ClCompile>
    <ClCompile Include="2BSTSearchTree.cpp">
      <Filter>소스 파일</Filter>
    </ClCompile>
    <ClCompile Include="2BinarySearchTreeMain.cpp">
      <Filter>소스 파일</Filter>
    </ClCompile>
    <ClCompile Include="2BinarySearchTreeDelMain.cpp">
      <Filter>소스 파일</Filter>
    </ClCompile>
    <ClCompile Include="2AVLRebalance.cpp">
      <Filter>소스 파일</Filter>
    </ClCompile>
    <ClCompile Include="2UndefstandTable.cpp">
      <Filter>소스 파일</Filter>
    </ClCompile>
    <ClCompile Include="2Person.cpp">
      <Filter>소스 파일</Filter>
    </ClCompile>
    <ClCompile Include="2Table.cpp">
      <Filter>소스 파일</Filter>
    </ClCompile>
    <ClCompile Include="2SimpleHashMain.cpp">
      <Filter>소스 파일</Filter>
    </ClCompile>
    <ClCompile Include="2ChainedTableMain.cpp">
      <Filter>소스 파일</Filter>
    </ClCompile>
    <ClCompile Include="2ALGraphMain.cpp">
      <Filter>소스 파일</Filter>
    </ClCompile>
    <ClCompile Include="2ALGraph.cpp">
      <Filter>소스 파일</Filter>
    </ClCompile>
    <ClCompile Include="2DFSGraph.cpp">
      <Filter>소스 파일</Filter>
    </ClCompile>
    <ClCompile Include="2DFSGraphMain.cpp">
      <Filter>소스 파일</Filter>
    </ClCompile>
    <ClCompile Include="2BFSGraph.cpp">
      <Filter>소스 파일</Filter>
    </ClCompile>
    <ClCompile Include="2CircularQueueMain.cpp">
      <Filter>소스 파일</Filter>
    </ClCompile>
    <ClCompile Include="2HamburgetOrder.cpp">
      <Filter>소스 파일</Filter>
    </ClCompile>
    <ClCompile Include="2BFSGraphMain.cpp">
      <Filter>소스 파일</Filter>
    </ClCompile>
    <ClCompile Include="2PriorityQueue.cpp">
      <Filter>소스 파일</Filter>
    </ClCompile>
    <ClCompile Include="2ALGraphKruskal.cpp">
      <Filter>소스 파일</Filter>
    </ClCompile>
    <ClCompile Include="2KruskalMain.cpp">
      <Filter>소스 파일</Filter>
    </ClCompile>
    <ClCompile Include="연습장.cpp">
      <Filter>소스 파일</Filter>
    </ClCompile>
  </ItemGroup>
  <ItemGroup>
    <ClInclude Include="2ArrayList.h">
      <Filter>헤더 파일</Filter>
    </ClInclude>
    <ClInclude Include="2NameCardp99.h">
      <Filter>헤더 파일</Filter>
    </ClInclude>
    <ClInclude Include="2ArrayListp99.h">
      <Filter>헤더 파일</Filter>
    </ClInclude>
    <ClInclude Include="2DLinkedList.h">
      <Filter>헤더 파일</Filter>
    </ClInclude>
    <ClInclude Include="2CLinkedList.h">
      <Filter>헤더 파일</Filter>
    </ClInclude>
    <ClInclude Include="2DBLinkedList.h">
      <Filter>헤더 파일</Filter>
    </ClInclude>
    <ClInclude Include="2ArrayBaseStack.h">
      <Filter>헤더 파일</Filter>
    </ClInclude>
    <ClInclude Include="2ListBaseStack.h">
      <Filter>헤더 파일</Filter>
    </ClInclude>
    <ClInclude Include="2InfixtoPostfix.h">
      <Filter>헤더 파일</Filter>
    </ClInclude>
    <ClInclude Include="2InfixCalculator.h">
      <Filter>헤더 파일</Filter>
    </ClInclude>
    <ClInclude Include="2ArrayBaseCircularQueue.h">
      <Filter>헤더 파일</Filter>
    </ClInclude>
    <ClInclude Include="2ListBaseQueue.h">
      <Filter>헤더 파일</Filter>
    </ClInclude>
    <ClInclude Include="2Deque.h">
      <Filter>헤더 파일</Filter>
    </ClInclude>
    <ClInclude Include="2ExpressionTree.h">
      <Filter>헤더 파일</Filter>
    </ClInclude>
    <ClInclude Include="2BinaryTree.h">
      <Filter>헤더 파일</Filter>
    </ClInclude>
    <ClInclude Include="2SimpleHeap.h">
      <Filter>헤더 파일</Filter>
    </ClInclude>
    <ClInclude Include="2UsefulHeap.h">
      <Filter>헤더 파일</Filter>
    </ClInclude>
    <ClInclude Include="2BinarySearchTree.h">
      <Filter>헤더 파일</Filter>
    </ClInclude>
    <ClInclude Include="2AVLRebalance.h">
      <Filter>헤더 파일</Filter>
    </ClInclude>
    <ClInclude Include="2Person.h">
      <Filter>헤더 파일</Filter>
    </ClInclude>
    <ClInclude Include="2Slot.h">
      <Filter>헤더 파일</Filter>
    </ClInclude>
    <ClInclude Include="2Table.h">
      <Filter>헤더 파일</Filter>
    </ClInclude>
    <ClInclude Include="2ALGraph.h">
      <Filter>헤더 파일</Filter>
    </ClInclude>
    <ClInclude Include="2DFSGraph.h">
      <Filter>헤더 파일</Filter>
    </ClInclude>
    <ClInclude Include="2BFSGraph.h">
      <Filter>헤더 파일</Filter>
    </ClInclude>
    <ClInclude Include="2ALGraphKruskal.h">
      <Filter>헤더 파일</Filter>
    </ClInclude>
    <ClInclude Include="2PriorityQueue.h">
      <Filter>헤더 파일</Filter>
    </ClInclude>
    <ClInclude Include="ALEdge.h">
      <Filter>헤더 파일</Filter>
    </ClInclude>
  </ItemGroup>
</Project>